
Microsoft Visual Studio Solution File, Format Version 12.00
# Visual Studio 2013
VisualStudioVersion = 12.0.31101.0
MinimumVisualStudioVersion = 10.0.40219.1
Project("{FAE04EC0-301F-11D3-BF4B-00C04F79EFBC}") = "FileNotes.Web", "FileNotes.Web\FileNotes.Web.csproj", "{7E3B4E77-BFE9-46EA-B0B2-1625496CCCB1}"
EndProject
Project("{FAE04EC0-301F-11D3-BF4B-00C04F79EFBC}") = "FileNotes.Monitor", "FileNotes.Monitor\FileNotes.Monitor.csproj", "{72611B1F-985E-4703-84ED-1E7C0FD76250}"
EndProject
Project("{FAE04EC0-301F-11D3-BF4B-00C04F79EFBC}") = "FileNotes.Domain", "FileNotes.Domain\FileNotes.Domain.csproj", "{57E18A14-D3A8-4753-B056-BB5E09B920EF}"
EndProject
Project("{2150E333-8FDC-42A3-9474-1A3956D46DE8}") = ".nuget", ".nuget", "{B0FF9616-1F43-41B4-B57A-79A4C5FB72CA}"
	ProjectSection(SolutionItems) = preProject
		.nuget\NuGet.Config = .nuget\NuGet.Config
		.nuget\NuGet.exe = .nuget\NuGet.exe
		.nuget\NuGet.targets = .nuget\NuGet.targets
	EndProjectSection
EndProject
Global
	GlobalSection(SolutionConfigurationPlatforms) = preSolution
		Debug|Any CPU = Debug|Any CPU
		Release|Any CPU = Release|Any CPU
	EndGlobalSection
	GlobalSection(ProjectConfigurationPlatforms) = postSolution
		{7E3B4E77-BFE9-46EA-B0B2-1625496CCCB1}.Debug|Any CPU.ActiveCfg = Debug|Any CPU
		{7E3B4E77-BFE9-46EA-B0B2-1625496CCCB1}.Debug|Any CPU.Build.0 = Debug|Any CPU
		{7E3B4E77-BFE9-46EA-B0B2-1625496CCCB1}.Release|Any CPU.ActiveCfg = Release|Any CPU
		{7E3B4E77-BFE9-46EA-B0B2-1625496CCCB1}.Release|Any CPU.Build.0 = Release|Any CPU
		{72611B1F-985E-4703-84ED-1E7C0FD76250}.Debug|Any CPU.ActiveCfg = Debug|Any CPU
		{72611B1F-985E-4703-84ED-1E7C0FD76250}.Debug|Any CPU.Build.0 = Debug|Any CPU
		{72611B1F-985E-4703-84ED-1E7C0FD76250}.Release|Any CPU.ActiveCfg = Release|Any CPU
		{72611B1F-985E-4703-84ED-1E7C0FD76250}.Release|Any CPU.Build.0 = Release|Any CPU
		{57E18A14-D3A8-4753-B056-BB5E09B920EF}.Debug|Any CPU.ActiveCfg = Debug|Any CPU
		{57E18A14-D3A8-4753-B056-BB5E09B920EF}.Debug|Any CPU.Build.0 = Debug|Any CPU
		{57E18A14-D3A8-4753-B056-BB5E09B920EF}.Release|Any CPU.ActiveCfg = Release|Any CPU
		{57E18A14-D3A8-4753-B056-BB5E09B920EF}.Release|Any CPU.Build.0 = Release|Any CPU
	EndGlobalSection
	GlobalSection(SolutionProperties) = preSolution
		HideSolutionNode = FALSE
	EndGlobalSection
EndGlobal
